{
  "nodes": {
    "nixCats": {
      "locked": {
        "lastModified": 1751857141,
        "narHash": "sha256-QvjjPdcP2TSjTg6QFfNzgkfM4asVqzA3ntBDd3ZmlP8=",
        "owner": "BirdeeHub",
        "repo": "nixCats-nvim",
        "rev": "dc1f2ed2d2041c3ae39289751d294ce3dd0b39e3",
        "type": "github"
      },
      "original": {
        "owner": "BirdeeHub",
        "repo": "nixCats-nvim",
        "type": "github"
      }
    },
    "nixpkgs": {
      "locked": {
        "lastModified": 1751786137,
        "narHash": "sha256-lIlUKVGCGsh0Q2EA7/6xRtKUZjaQ/ur8uUyY+MynHXQ=",
        "owner": "nixos",
        "repo": "nixpkgs",
        "rev": "ceb24d94c6feaa4e8737a8e2bd3cf71c3a7eaaa0",
        "type": "github"
      },
      "original": {
        "owner": "nixos",
        "ref": "nixpkgs-unstable",
        "repo": "nixpkgs",
        "type": "github"
      }
    },
    "nordic-nvim": {
      "flake": false,
      "locked": {
        "lastModified": 1744698596,
        "narHash": "sha256-NY4kjeq01sMTg1PZeVVa2Vle4KpLwWEv4y34cDQ6JMU=",
        "owner": "AlexvZyl",
        "repo": "nordic.nvim",
        "rev": "6afe957722fb1b0ec7ca5fbea5a651bcca55f3e1",
        "type": "github"
      },
      "original": {
        "owner": "AlexvZyl",
        "repo": "nordic.nvim",
        "type": "github"
      }
    },
    "opencode-nvim": {
      "flake": false,
      "locked": {
        "lastModified": 1756305176,
        "narHash": "sha256-QSiQdintJ16osTsJop+wA8TkWz4u8PKNGKKMOmXMKRU=",
        "owner": "NickvanDyke",
        "repo": "opencode.nvim",
        "rev": "2fce982fc8080849afbe3db2ee4229ae9104af30",
        "type": "github"
      },
      "original": {
        "owner": "NickvanDyke",
        "repo": "opencode.nvim",
        "type": "github"
      }
    },
    "root": {
      "inputs": {
        "nixCats": "nixCats",
        "nixpkgs": "nixpkgs",
        "nordic-nvim": "nordic-nvim",
        "opencode-nvim": "opencode-nvim"
      }
    }
  },
  "root": "root",
  "version": 7
}
